// !$*UTF8*$!
{
	archiveVersion = 1;
	classes = {
	};
	objectVersion = 56;
	objects = {

/* Begin PBXBuildFile section */
		545A905F29D73E3800C2F763 /* main.c in Sources */ = {isa = PBXBuildFile; fileRef = 545A905E29D73E3800C2F763 /* main.c */; };
		545A906729D73E6200C2F763 /* graph.c in Sources */ = {isa = PBXBuildFile; fileRef = 545A906629D73E6200C2F763 /* graph.c */; };
		549C87C629D8EB870076B808 /* makefile in Sources */ = {isa = PBXBuildFile; fileRef = 549C87C529D8EB870076B808 /* makefile */; };
/* End PBXBuildFile section */

/* Begin PBXCopyFilesBuildPhase section */
		545A905929D73E3800C2F763 /* CopyFiles */ = {
			isa = PBXCopyFilesBuildPhase;
			buildActionMask = 2147483647;
			dstPath = /usr/share/man/man1/;
			dstSubfolderSpec = 0;
			files = (
			);
			runOnlyForDeploymentPostprocessing = 1;
		};
/* End PBXCopyFilesBuildPhase section */

/* Begin PBXFileReference section */
		545A905B29D73E3800C2F763 /* Trabalho 1 - Grafos */ = {isa = PBXFileReference; explicitFileType = "compiled.mach-o.executable"; includeInIndex = 0; path = "Trabalho 1 - Grafos"; sourceTree = BUILT_PRODUCTS_DIR; };
		545A905E29D73E3800C2F763 /* main.c */ = {isa = PBXFileReference; lastKnownFileType = sourcecode.c.c; path = main.c; sourceTree = "<group>"; };
		545A906529D73E5200C2F763 /* graph.h */ = {isa = PBXFileReference; lastKnownFileType = sourcecode.c.h; path = graph.h; sourceTree = "<group>"; };
		545A906629D73E6200C2F763 /* graph.c */ = {isa = PBXFileReference; lastKnownFileType = sourcecode.c.c; path = graph.c; sourceTree = "<group>"; };
		545A906829D74BC900C2F763 /* entrada.in */ = {isa = PBXFileReference; lastKnownFileType = text; path = entrada.in; sourceTree = "<group>"; };
		547A002329DB44EA00DF50E8 /* entrada2.in */ = {isa = PBXFileReference; lastKnownFileType = text; path = entrada2.in; sourceTree = "<group>"; };
		549C87C529D8EB870076B808 /* makefile */ = {isa = PBXFileReference; fileEncoding = 4; lastKnownFileType = sourcecode.make; path = makefile; sourceTree = "<group>"; };
/* End PBXFileReference section */

/* Begin PBXFrameworksBuildPhase section */
		545A905829D73E3800C2F763 /* Frameworks */ = {
			isa = PBXFrameworksBuildPhase;
			buildActionMask = 2147483647;
			files = (
			);
			runOnlyForDeploymentPostprocessing = 0;
		};
/* End PBXFrameworksBuildPhase section */

/* Begin PBXGroup section */
		545A905229D73E3800C2F763 = {
			isa = PBXGroup;
			children = (
				545A905D29D73E3800C2F763 /* Trabalho 1 - Grafos */,
				545A905C29D73E3800C2F763 /* Products */,
			);
			sourceTree = "<group>";
		};
		545A905C29D73E3800C2F763 /* Products */ = {
			isa = PBXGroup;
			children = (
				545A905B29D73E3800C2F763 /* Trabalho 1 - Grafos */,
			);
			name = Products;
			sourceTree = "<group>";
		};
		545A905D29D73E3800C2F763 /* Trabalho 1 - Grafos */ = {
			isa = PBXGroup;
			children = (
				545A905E29D73E3800C2F763 /* main.c */,
				545A906529D73E5200C2F763 /* graph.h */,
				545A906629D73E6200C2F763 /* graph.c */,
				545A906829D74BC900C2F763 /* entrada.in */,
				549C87C529D8EB870076B808 /* makefile */,
				547A002329DB44EA00DF50E8 /* entrada2.in */,
			);
			path = "Trabalho 1 - Grafos";
			sourceTree = "<group>";
		};
/* End PBXGroup section */

/* Begin PBXNativeTarget section */
		545A905A29D73E3800C2F763 /* Trabalho 1 - Grafos */ = {
			isa = PBXNativeTarget;
			buildConfigurationList = 545A906229D73E3800C2F763 /* Build configuration list for PBXNativeTarget "Trabalho 1 - Grafos" */;
			buildPhases = (
				545A905729D73E3800C2F763 /* Sources */,
				545A905829D73E3800C2F763 /* Frameworks */,
				545A905929D73E3800C2F763 /* CopyFiles */,
			);
			buildRules = (
			);
			dependencies = (
			);
			name = "Trabalho 1 - Grafos";
			productName = "Trabalho 1 - Grafos";
			productReference = 545A905B29D73E3800C2F763 /* Trabalho 1 - Grafos */;
			productType = "com.apple.product-type.tool";
		};
/* End PBXNativeTarget section */

/* Begin PBXProject section */
		545A905329D73E3800C2F763 /* Project object */ = {
			isa = PBXProject;
			attributes = {
				BuildIndependentTargetsInParallel = 1;
				LastUpgradeCheck = 1420;
				TargetAttributes = {
					545A905A29D73E3800C2F763 = {
						CreatedOnToolsVersion = 14.2;
					};
				};
			};
			buildConfigurationList = 545A905629D73E3800C2F763 /* Build configuration list for PBXProject "Trabalho 1 - Grafos" */;
			compatibilityVersion = "Xcode 14.0";
			developmentRegion = en;
			hasScannedForEncodings = 0;
			knownRegions = (
				en,
				Base,
			);
			mainGroup = 545A905229D73E3800C2F763;
			productRefGroup = 545A905C29D73E3800C2F763 /* Products */;
			projectDirPath = "";
			projectRoot = "";
			targets = (
				545A905A29D73E3800C2F763 /* Trabalho 1 - Grafos */,
			);
		};
/* End PBXProject section */

/* Begin PBXSourcesBuildPhase section */
		545A905729D73E3800C2F763 /* Sources */ = {
			isa = PBXSourcesBuildPhase;
			buildActionMask = 2147483647;
			files = (
				545A906729D73E6200C2F763 /* graph.c in Sources */,
				545A905F29D73E3800C2F763 /* main.c in Sources */,
				549C87C629D8EB870076B808 /* makefile in Sources */,
			);
			runOnlyForDeploymentPostprocessing = 0;
		};
/* End PBXSourcesBuildPhase section */

/* Begin XCBuildConfiguration section */
		545A906029D73E3800C2F763 /* Debug */ = {
			isa = XCBuildConfiguration;
			buildSettings = {
				ALWAYS_SEARCH_USER_PATHS = NO;
				CLANG_ANALYZER_NONNULL = YES;
				CLANG_ANALYZER_NUMBER_OBJECT_CONVERSION = YES_AGGRESSIVE;
				CLANG_CXX_LANGUAGE_STANDARD = "gnu++20";
				CLANG_ENABLE_MODULES = YES;
				CLANG_ENABLE_OBJC_ARC = YES;
				CLANG_ENABLE_OBJC_WEAK = YES;
				CLANG_WARN_BLOCK_CAPTURE_AUTORELEASING = YES;
				CLANG_WARN_BOOL_CONVERSION = YES;
				CLANG_WARN_COMMA = YES;
				CLANG_WARN_CONSTANT_CONVERSION = YES;
				CLANG_WARN_DEPRECATED_OBJC_IMPLEMENTATIONS = YES;
				CLANG_WARN_DIRECT_OBJC_ISA_USAGE = YES_ERROR;
				CLANG_WARN_DOCUMENTATION_COMMENTS = YES;
				CLANG_WARN_EMPTY_BODY = YES;
				CLANG_WARN_ENUM_CONVERSION = YES;
				CLANG_WARN_INFINITE_RECURSION = YES;
				CLANG_WARN_INT_CONVERSION = YES;
				CLANG_WARN_NON_LITERAL_NULL_CONVERSION = YES;
				CLANG_WARN_OBJC_IMPLICIT_RETAIN_SELF = YES;
				CLANG_WARN_OBJC_LITERAL_CONVERSION = YES;
				CLANG_WARN_OBJC_ROOT_CLASS = YES_ERROR;
				CLANG_WARN_QUOTED_INCLUDE_IN_FRAMEWORK_HEADER = YES;
				CLANG_WARN_RANGE_LOOP_ANALYSIS = YES;
				CLANG_WARN_STRICT_PROTOTYPES = YES;
				CLANG_WARN_SUSPICIOUS_MOVE = YES;
				CLANG_WARN_UNGUARDED_AVAILABILITY = YES_AGGRESSIVE;
				CLANG_WARN_UNREACHABLE_CODE = YES;
				CLANG_WARN__DUPLICATE_METHOD_MATCH = YES;
				COPY_PHASE_STRIP = NO;
				DEBUG_INFORMATION_FORMAT = dwarf;
				ENABLE_STRICT_OBJC_MSGSEND = YES;
				ENABLE_TESTABILITY = YES;
				GCC_C_LANGUAGE_STANDARD = gnu11;
				GCC_DYNAMIC_NO_PIC = NO;
				GCC_NO_COMMON_BLOCKS = YES;
				GCC_OPTIMIZATION_LEVEL = 0;
				GCC_PREPROCESSOR_DEFINITIONS = (
					"DEBUG=1",
					"$(inherited)",
				);
				GCC_WARN_64_TO_32_BIT_CONVERSION = YES;
				GCC_WARN_ABOUT_RETURN_TYPE = YES_ERROR;
				GCC_WARN_UNDECLARED_SELECTOR = YES;
				GCC_WARN_UNINITIALIZED_AUTOS = YES_AGGRESSIVE;
				GCC_WARN_UNUSED_FUNCTION = YES;
				GCC_WARN_UNUSED_VARIABLE = YES;
				MACOSX_DEPLOYMENT_TARGET = 13.1;
				MTL_ENABLE_DEBUG_INFO = INCLUDE_SOURCE;
				MTL_FAST_MATH = YES;
				ONLY_ACTIVE_ARCH = YES;
				SDKROOT = macosx;
			};
			name = Debug;
		};
		545A906129D73E3800C2F763 /* Release */ = {
			isa = XCBuildConfiguration;
			buildSettings = {
				ALWAYS_SEARCH_USER_PATHS = NO;
				CLANG_ANALYZER_NONNULL = YES;
				CLANG_ANALYZER_NUMBER_OBJECT_CONVERSION = YES_AGGRESSIVE;
				CLANG_CXX_LANGUAGE_STANDARD = "gnu++20";
				CLANG_ENABLE_MODULES = YES;
				CLANG_ENABLE_OBJC_ARC = YES;
				CLANG_ENABLE_OBJC_WEAK = YES;
				CLANG_WARN_BLOCK_CAPTURE_AUTORELEASING = YES;
				CLANG_WARN_BOOL_CONVERSION = YES;
				CLANG_WARN_COMMA = YES;
				CLANG_WARN_CONSTANT_CONVERSION = YES;
				CLANG_WARN_DEPRECATED_OBJC_IMPLEMENTATIONS = YES;
				CLANG_WARN_DIRECT_OBJC_ISA_USAGE = YES_ERROR;
				CLANG_WARN_DOCUMENTATION_COMMENTS = YES;
				CLANG_WARN_EMPTY_BODY = YES;
				CLANG_WARN_ENUM_CONVERSION = YES;
				CLANG_WARN_INFINITE_RECURSION = YES;
				CLANG_WARN_INT_CONVERSION = YES;
				CLANG_WARN_NON_LITERAL_NULL_CONVERSION = YES;
				CLANG_WARN_OBJC_IMPLICIT_RETAIN_SELF = YES;
				CLANG_WARN_OBJC_LITERAL_CONVERSION = YES;
				CLANG_WARN_OBJC_ROOT_CLASS = YES_ERROR;
				CLANG_WARN_QUOTED_INCLUDE_IN_FRAMEWORK_HEADER = YES;
				CLANG_WARN_RANGE_LOOP_ANALYSIS = YES;
				CLANG_WARN_STRICT_PROTOTYPES = YES;
				CLANG_WARN_SUSPICIOUS_MOVE = YES;
				CLANG_WARN_UNGUARDED_AVAILABILITY = YES_AGGRESSIVE;
				CLANG_WARN_UNREACHABLE_CODE = YES;
				CLANG_WARN__DUPLICATE_METHOD_MATCH = YES;
				COPY_PHASE_STRIP = NO;
				DEBUG_INFORMATION_FORMAT = "dwarf-with-dsym";
				ENABLE_NS_ASSERTIONS = NO;
				ENABLE_STRICT_OBJC_MSGSEND = YES;
				GCC_C_LANGUAGE_STANDARD = gnu11;
				GCC_NO_COMMON_BLOCKS = YES;
				GCC_WARN_64_TO_32_BIT_CONVERSION = YES;
				GCC_WARN_ABOUT_RETURN_TYPE = YES_ERROR;
				GCC_WARN_UNDECLARED_SELECTOR = YES;
				GCC_WARN_UNINITIALIZED_AUTOS = YES_AGGRESSIVE;
				GCC_WARN_UNUSED_FUNCTION = YES;
				GCC_WARN_UNUSED_VARIABLE = YES;
				MACOSX_DEPLOYMENT_TARGET = 13.1;
				MTL_ENABLE_DEBUG_INFO = NO;
				MTL_FAST_MATH = YES;
				SDKROOT = macosx;
			};
			name = Release;
		};
		545A906329D73E3800C2F763 /* Debug */ = {
			isa = XCBuildConfiguration;
			buildSettings = {
				CODE_SIGN_STYLE = Automatic;
				PRODUCT_NAME = "$(TARGET_NAME)";
			};
			name = Debug;
		};
		545A906429D73E3800C2F763 /* Release */ = {
			isa = XCBuildConfiguration;
			buildSettings = {
				CODE_SIGN_STYLE = Automatic;
				PRODUCT_NAME = "$(TARGET_NAME)";
			};
			name = Release;
		};
/* End XCBuildConfiguration section */

/* Begin XCConfigurationList section */
		545A905629D73E3800C2F763 /* Build configuration list for PBXProject "Trabalho 1 - Grafos" */ = {
			isa = XCConfigurationList;
			buildConfigurations = (
				545A906029D73E3800C2F763 /* Debug */,
				545A906129D73E3800C2F763 /* Release */,
			);
			defaultConfigurationIsVisible = 0;
			defaultConfigurationName = Release;
		};
		545A906229D73E3800C2F763 /* Build configuration list for PBXNativeTarget "Trabalho 1 - Grafos" */ = {
			isa = XCConfigurationList;
			buildConfigurations = (
				545A906329D73E3800C2F763 /* Debug */,
				545A906429D73E3800C2F763 /* Release */,
			);
			defaultConfigurationIsVisible = 0;
			defaultConfigurationName = Release;
		};
/* End XCConfigurationList section */
	};
	rootObject = 545A905329D73E3800C2F763 /* Project object */;
}
